PODS:
  - MASShortcut (2.4.0)
  - SwiftyMarkdown (1.2.2)

DEPENDENCIES:
  - MASShortcut
  - SwiftyMarkdown

SPEC REPOS:
  trunk:
    - MASShortcut
    - SwiftyMarkdown

SPEC CHECKSUMS:
  MASShortcut: d9e4909e878661cc42877cc9d6efbe638273ab57
  SwiftyMarkdown: 716936bd2031df713a8d22d166b9408f4884cab3

PODFILE CHECKSUM: d4f69a35590293e62d76434efa85ec3e299bac0b

COCOAPODS: 1.8.4
